// !$*UTF8*$!
{
	archiveVersion = 1;
	classes = {
	};
	objectVersion = 50;
	objects = {

/* Begin PBXBuildFile section */
		C3B0D4698AB2CBFBB877465D /* Pods_Tomatoro.framework in Frameworks */ = {isa = PBXBuildFile; fileRef = EF12D19BCA8FE4DE702146B8 /* Pods_Tomatoro.framework */; };
		CA013B9121472D3300336F96 /* settings.json in Resources */ = {isa = PBXBuildFile; fileRef = CA013B8F21472D3300336F96 /* settings.json */; };
		CA013B9221472D3300336F96 /* loading.json in Resources */ = {isa = PBXBuildFile; fileRef = CA013B9021472D3300336F96 /* loading.json */; };
		CA013B9D2147315700336F96 /* Splash.storyboard in Resources */ = {isa = PBXBuildFile; fileRef = CA013B9C2147315700336F96 /* Splash.storyboard */; };
		CA095CFC215077D300CD2FF2 /* TomatoroUITests.swift in Sources */ = {isa = PBXBuildFile; fileRef = CA095CFB215077D300CD2FF2 /* TomatoroUITests.swift */; };
		CA095D082150AF9400CD2FF2 /* SnapshotHelper.swift in Sources */ = {isa = PBXBuildFile; fileRef = CA095D072150AF9400CD2FF2 /* SnapshotHelper.swift */; };
		CA62B689214203B3008C8DED /* AppDelegate.swift in Sources */ = {isa = PBXBuildFile; fileRef = CA62B688214203B3008C8DED /* AppDelegate.swift */; };
		CA62B68E214203B3008C8DED /* Main.storyboard in Resources */ = {isa = PBXBuildFile; fileRef = CA62B68C214203B3008C8DED /* Main.storyboard */; };
		CA62B690214203B6008C8DED /* Assets.xcassets in Resources */ = {isa = PBXBuildFile; fileRef = CA62B68F214203B6008C8DED /* Assets.xcassets */; };
		CA62B69E214203B6008C8DED /* TomatoroTests.swift in Sources */ = {isa = PBXBuildFile; fileRef = CA62B69D214203B6008C8DED /* TomatoroTests.swift */; };
		CA62B6A9214204B7008C8DED /* TimerViewController.swift in Sources */ = {isa = PBXBuildFile; fileRef = CA62B6A8214204B7008C8DED /* TimerViewController.swift */; };
		CA62B6AE2142CF3A008C8DED /* Pomodoro.swift in Sources */ = {isa = PBXBuildFile; fileRef = CA62B6AD2142CF3A008C8DED /* Pomodoro.swift */; };
		CAD25D8E215173560053C93E /* ProgressView.swift in Sources */ = {isa = PBXBuildFile; fileRef = CAD25D8D215173560053C93E /* ProgressView.swift */; };
		CE352F2CCFF92F9FF5E7E8E7 /* Pods_TomatoroTests.framework in Frameworks */ = {isa = PBXBuildFile; fileRef = 236BFCD39BF6B82E4E312894 /* Pods_TomatoroTests.framework */; };
/* End PBXBuildFile section */

/* Begin PBXContainerItemProxy section */
		CA095CFE215077D300CD2FF2 /* PBXContainerItemProxy */ = {
			isa = PBXContainerItemProxy;
			containerPortal = CA62B67D214203B3008C8DED /* Project object */;
			proxyType = 1;
			remoteGlobalIDString = CA62B684214203B3008C8DED;
			remoteInfo = Tomatoro;
		};
		CA62B69A214203B6008C8DED /* PBXContainerItemProxy */ = {
			isa = PBXContainerItemProxy;
			containerPortal = CA62B67D214203B3008C8DED /* Project object */;
			proxyType = 1;
			remoteGlobalIDString = CA62B684214203B3008C8DED;
			remoteInfo = Tomatoro;
		};
/* End PBXContainerItemProxy section */

/* Begin PBXFileReference section */
		236BFCD39BF6B82E4E312894 /* Pods_TomatoroTests.framework */ = {isa = PBXFileReference; explicitFileType = wrapper.framework; includeInIndex = 0; path = Pods_TomatoroTests.framework; sourceTree = BUILT_PRODUCTS_DIR; };
		269DF7B6B0A5807396101428 /* Pods-TomatoroTests.debug.xcconfig */ = {isa = PBXFileReference; includeInIndex = 1; lastKnownFileType = text.xcconfig; name = "Pods-TomatoroTests.debug.xcconfig"; path = "Pods/Target Support Files/Pods-TomatoroTests/Pods-TomatoroTests.debug.xcconfig"; sourceTree = "<group>"; };
		594020017A5C36DB4BAD25FD /* Pods-Tomatoro.debug.xcconfig */ = {isa = PBXFileReference; includeInIndex = 1; lastKnownFileType = text.xcconfig; name = "Pods-Tomatoro.debug.xcconfig"; path = "Pods/Target Support Files/Pods-Tomatoro/Pods-Tomatoro.debug.xcconfig"; sourceTree = "<group>"; };
		91367F8D271AC6F1BD173491 /* Pods-Tomatoro.release.xcconfig */ = {isa = PBXFileReference; includeInIndex = 1; lastKnownFileType = text.xcconfig; name = "Pods-Tomatoro.release.xcconfig"; path = "Pods/Target Support Files/Pods-Tomatoro/Pods-Tomatoro.release.xcconfig"; sourceTree = "<group>"; };
		925513D0B5367DC1BF80A245 /* Pods-TomatoroTests.release.xcconfig */ = {isa = PBXFileReference; includeInIndex = 1; lastKnownFileType = text.xcconfig; name = "Pods-TomatoroTests.release.xcconfig"; path = "Pods/Target Support Files/Pods-TomatoroTests/Pods-TomatoroTests.release.xcconfig"; sourceTree = "<group>"; };
		CA013B8F21472D3300336F96 /* settings.json */ = {isa = PBXFileReference; fileEncoding = 4; lastKnownFileType = text.json; path = settings.json; sourceTree = "<group>"; };
		CA013B9021472D3300336F96 /* loading.json */ = {isa = PBXFileReference; fileEncoding = 4; lastKnownFileType = text.json; path = loading.json; sourceTree = "<group>"; };
		CA013B9C2147315700336F96 /* Splash.storyboard */ = {isa = PBXFileReference; lastKnownFileType = file.storyboard; path = Splash.storyboard; sourceTree = "<group>"; };
		CA095CF9215077D300CD2FF2 /* TomatoroUITests.xctest */ = {isa = PBXFileReference; explicitFileType = wrapper.cfbundle; includeInIndex = 0; path = TomatoroUITests.xctest; sourceTree = BUILT_PRODUCTS_DIR; };
		CA095CFB215077D300CD2FF2 /* TomatoroUITests.swift */ = {isa = PBXFileReference; lastKnownFileType = sourcecode.swift; path = TomatoroUITests.swift; sourceTree = "<group>"; };
		CA095CFD215077D300CD2FF2 /* Info.plist */ = {isa = PBXFileReference; lastKnownFileType = text.plist.xml; path = Info.plist; sourceTree = "<group>"; };
		CA095D072150AF9400CD2FF2 /* SnapshotHelper.swift */ = {isa = PBXFileReference; fileEncoding = 4; lastKnownFileType = sourcecode.swift; name = SnapshotHelper.swift; path = fastlane/SnapshotHelper.swift; sourceTree = SOURCE_ROOT; };
		CA62B685214203B3008C8DED /* Tomatoro.app */ = {isa = PBXFileReference; explicitFileType = wrapper.application; includeInIndex = 0; path = Tomatoro.app; sourceTree = BUILT_PRODUCTS_DIR; };
		CA62B688214203B3008C8DED /* AppDelegate.swift */ = {isa = PBXFileReference; lastKnownFileType = sourcecode.swift; path = AppDelegate.swift; sourceTree = "<group>"; };
		CA62B68D214203B3008C8DED /* Base */ = {isa = PBXFileReference; lastKnownFileType = file.storyboard; name = Base; path = Base.lproj/Main.storyboard; sourceTree = "<group>"; };
		CA62B68F214203B6008C8DED /* Assets.xcassets */ = {isa = PBXFileReference; lastKnownFileType = folder.assetcatalog; path = Assets.xcassets; sourceTree = "<group>"; };
		CA62B694214203B6008C8DED /* Info.plist */ = {isa = PBXFileReference; lastKnownFileType = text.plist.xml; path = Info.plist; sourceTree = "<group>"; };
		CA62B699214203B6008C8DED /* TomatoroTests.xctest */ = {isa = PBXFileReference; explicitFileType = wrapper.cfbundle; includeInIndex = 0; path = TomatoroTests.xctest; sourceTree = BUILT_PRODUCTS_DIR; };
		CA62B69D214203B6008C8DED /* TomatoroTests.swift */ = {isa = PBXFileReference; lastKnownFileType = sourcecode.swift; path = TomatoroTests.swift; sourceTree = "<group>"; };
		CA62B69F214203B6008C8DED /* Info.plist */ = {isa = PBXFileReference; lastKnownFileType = text.plist.xml; path = Info.plist; sourceTree = "<group>"; };
		CA62B6A8214204B7008C8DED /* TimerViewController.swift */ = {isa = PBXFileReference; lastKnownFileType = sourcecode.swift; path = TimerViewController.swift; sourceTree = "<group>"; };
		CA62B6AD2142CF3A008C8DED /* Pomodoro.swift */ = {isa = PBXFileReference; fileEncoding = 4; lastKnownFileType = sourcecode.swift; path = Pomodoro.swift; sourceTree = "<group>"; };
		CAD25D8D215173560053C93E /* ProgressView.swift */ = {isa = PBXFileReference; fileEncoding = 4; lastKnownFileType = sourcecode.swift; name = ProgressView.swift; path = Tomatoro/Views/ProgressView.swift; sourceTree = SOURCE_ROOT; };
		EF12D19BCA8FE4DE702146B8 /* Pods_Tomatoro.framework */ = {isa = PBXFileReference; explicitFileType = wrapper.framework; includeInIndex = 0; path = Pods_Tomatoro.framework; sourceTree = BUILT_PRODUCTS_DIR; };
/* End PBXFileReference section */

/* Begin PBXFrameworksBuildPhase section */
		CA095CF6215077D300CD2FF2 /* Frameworks */ = {
			isa = PBXFrameworksBuildPhase;
			buildActionMask = 2147483647;
			files = (
			);
			runOnlyForDeploymentPostprocessing = 0;
		};
		CA62B682214203B3008C8DED /* Frameworks */ = {
			isa = PBXFrameworksBuildPhase;
			buildActionMask = 2147483647;
			files = (
				C3B0D4698AB2CBFBB877465D /* Pods_Tomatoro.framework in Frameworks */,
			);
			runOnlyForDeploymentPostprocessing = 0;
		};
		CA62B696214203B6008C8DED /* Frameworks */ = {
			isa = PBXFrameworksBuildPhase;
			buildActionMask = 2147483647;
			files = (
				CE352F2CCFF92F9FF5E7E8E7 /* Pods_TomatoroTests.framework in Frameworks */,
			);
			runOnlyForDeploymentPostprocessing = 0;
		};
/* End PBXFrameworksBuildPhase section */

/* Begin PBXGroup section */
		2C267359F7E46617E3740387 /* Frameworks */ = {
			isa = PBXGroup;
			children = (
				EF12D19BCA8FE4DE702146B8 /* Pods_Tomatoro.framework */,
				236BFCD39BF6B82E4E312894 /* Pods_TomatoroTests.framework */,
			);
			name = Frameworks;
			sourceTree = "<group>";
		};
		771859443420CBBECC1731DC /* Pods */ = {
			isa = PBXGroup;
			children = (
				594020017A5C36DB4BAD25FD /* Pods-Tomatoro.debug.xcconfig */,
				91367F8D271AC6F1BD173491 /* Pods-Tomatoro.release.xcconfig */,
				269DF7B6B0A5807396101428 /* Pods-TomatoroTests.debug.xcconfig */,
				925513D0B5367DC1BF80A245 /* Pods-TomatoroTests.release.xcconfig */,
			);
			name = Pods;
			sourceTree = "<group>";
		};
		CA013B992147310700336F96 /* View Controllers */ = {
			isa = PBXGroup;
			children = (
				CA62B6A8214204B7008C8DED /* TimerViewController.swift */,
			);
			path = "View Controllers";
			sourceTree = "<group>";
		};
		CA095CFA215077D300CD2FF2 /* TomatoroUITests */ = {
			isa = PBXGroup;
			children = (
				CA095D072150AF9400CD2FF2 /* SnapshotHelper.swift */,
				CA095CFB215077D300CD2FF2 /* TomatoroUITests.swift */,
				CA095CFD215077D300CD2FF2 /* Info.plist */,
			);
			path = TomatoroUITests;
			sourceTree = "<group>";
		};
		CA1112472143464E00C047F7 /* Resources */ = {
			isa = PBXGroup;
			children = (
				CA013B8F21472D3300336F96 /* settings.json */,
				CA013B9021472D3300336F96 /* loading.json */,
			);
			path = Resources;
			sourceTree = "<group>";
		};
		CA62B67C214203B3008C8DED = {
			isa = PBXGroup;
			children = (
				CA1112472143464E00C047F7 /* Resources */,
				CA62B687214203B3008C8DED /* Tomatoro */,
				CA62B69C214203B6008C8DED /* TomatoroTests */,
				CA095CFA215077D300CD2FF2 /* TomatoroUITests */,
				CA62B686214203B3008C8DED /* Products */,
				771859443420CBBECC1731DC /* Pods */,
				2C267359F7E46617E3740387 /* Frameworks */,
			);
			sourceTree = "<group>";
		};
		CA62B686214203B3008C8DED /* Products */ = {
			isa = PBXGroup;
			children = (
				CA62B685214203B3008C8DED /* Tomatoro.app */,
				CA62B699214203B6008C8DED /* TomatoroTests.xctest */,
				CA095CF9215077D300CD2FF2 /* TomatoroUITests.xctest */,
			);
			name = Products;
			sourceTree = "<group>";
		};
		CA62B687214203B3008C8DED /* Tomatoro */ = {
			isa = PBXGroup;
			children = (
				CAD25D8C215173150053C93E /* Views */,
				CA62B6AC21424F91008C8DED /* Models */,
				CA013B992147310700336F96 /* View Controllers */,
				CA62B68C214203B3008C8DED /* Main.storyboard */,
				CA62B688214203B3008C8DED /* AppDelegate.swift */,
				CA013B9C2147315700336F96 /* Splash.storyboard */,
				CA62B68F214203B6008C8DED /* Assets.xcassets */,
				CA62B694214203B6008C8DED /* Info.plist */,
			);
			path = Tomatoro;
			sourceTree = "<group>";
		};
		CA62B69C214203B6008C8DED /* TomatoroTests */ = {
			isa = PBXGroup;
			children = (
				CA62B69D214203B6008C8DED /* TomatoroTests.swift */,
				CA62B69F214203B6008C8DED /* Info.plist */,
			);
			path = TomatoroTests;
			sourceTree = "<group>";
		};
		CA62B6AC21424F91008C8DED /* Models */ = {
			isa = PBXGroup;
			children = (
				CA62B6AD2142CF3A008C8DED /* Pomodoro.swift */,
			);
			path = Models;
			sourceTree = "<group>";
		};
		CAD25D8C215173150053C93E /* Views */ = {
			isa = PBXGroup;
			children = (
				CAD25D8D215173560053C93E /* ProgressView.swift */,
			);
			name = Views;
			path = "New Group";
			sourceTree = "<group>";
		};
/* End PBXGroup section */

/* Begin PBXNativeTarget section */
		CA095CF8215077D300CD2FF2 /* TomatoroUITests */ = {
			isa = PBXNativeTarget;
			buildConfigurationList = CA095D02215077D400CD2FF2 /* Build configuration list for PBXNativeTarget "TomatoroUITests" */;
			buildPhases = (
				CA095CF5215077D300CD2FF2 /* Sources */,
				CA095CF6215077D300CD2FF2 /* Frameworks */,
				CA095CF7215077D300CD2FF2 /* Resources */,
			);
			buildRules = (
			);
			dependencies = (
				CA095CFF215077D300CD2FF2 /* PBXTargetDependency */,
			);
			name = TomatoroUITests;
			productName = TomatoroUITests;
			productReference = CA095CF9215077D300CD2FF2 /* TomatoroUITests.xctest */;
			productType = "com.apple.product-type.bundle.ui-testing";
		};
		CA62B684214203B3008C8DED /* Tomatoro */ = {
			isa = PBXNativeTarget;
			buildConfigurationList = CA62B6A2214203B6008C8DED /* Build configuration list for PBXNativeTarget "Tomatoro" */;
			buildPhases = (
				423E85E0EF4E53B290E4160D /* [CP] Check Pods Manifest.lock */,
				CA62B681214203B3008C8DED /* Sources */,
				CA62B682214203B3008C8DED /* Frameworks */,
				CA62B683214203B3008C8DED /* Resources */,
				5CFB32C80DF30C7118D3A0B2 /* [CP] Embed Pods Frameworks */,
			);
			buildRules = (
			);
			dependencies = (
			);
			name = Tomatoro;
			productName = Tomatoro;
			productReference = CA62B685214203B3008C8DED /* Tomatoro.app */;
			productType = "com.apple.product-type.application";
		};
		CA62B698214203B6008C8DED /* TomatoroTests */ = {
			isa = PBXNativeTarget;
			buildConfigurationList = CA62B6A5214203B6008C8DED /* Build configuration list for PBXNativeTarget "TomatoroTests" */;
			buildPhases = (
				069A3067000865D9AAF74FC2 /* [CP] Check Pods Manifest.lock */,
				CA62B695214203B6008C8DED /* Sources */,
				CA62B696214203B6008C8DED /* Frameworks */,
				CA62B697214203B6008C8DED /* Resources */,
			);
			buildRules = (
			);
			dependencies = (
				CA62B69B214203B6008C8DED /* PBXTargetDependency */,
			);
			name = TomatoroTests;
			productName = TomatoroTests;
			productReference = CA62B699214203B6008C8DED /* TomatoroTests.xctest */;
			productType = "com.apple.product-type.bundle.unit-test";
		};
/* End PBXNativeTarget section */

/* Begin PBXProject section */
		CA62B67D214203B3008C8DED /* Project object */ = {
			isa = PBXProject;
			attributes = {
				LastSwiftUpdateCheck = 0940;
				LastUpgradeCheck = 0940;
				ORGANIZATIONNAME = vphong;
				TargetAttributes = {
					CA095CF8215077D300CD2FF2 = {
						CreatedOnToolsVersion = 9.4.1;
						TestTargetID = CA62B684214203B3008C8DED;
					};
					CA62B684214203B3008C8DED = {
						CreatedOnToolsVersion = 9.4.1;
					};
					CA62B698214203B6008C8DED = {
						CreatedOnToolsVersion = 9.4.1;
						TestTargetID = CA62B684214203B3008C8DED;
					};
				};
			};
			buildConfigurationList = CA62B680214203B3008C8DED /* Build configuration list for PBXProject "Tomatoro" */;
			compatibilityVersion = "Xcode 9.3";
			developmentRegion = en;
			hasScannedForEncodings = 0;
			knownRegions = (
				en,
				Base,
			);
			mainGroup = CA62B67C214203B3008C8DED;
			productRefGroup = CA62B686214203B3008C8DED /* Products */;
			projectDirPath = "";
			projectRoot = "";
			targets = (
				CA62B684214203B3008C8DED /* Tomatoro */,
				CA62B698214203B6008C8DED /* TomatoroTests */,
				CA095CF8215077D300CD2FF2 /* TomatoroUITests */,
			);
		};
/* End PBXProject section */

/* Begin PBXResourcesBuildPhase section */
		CA095CF7215077D300CD2FF2 /* Resources */ = {
			isa = PBXResourcesBuildPhase;
			buildActionMask = 2147483647;
			files = (
			);
			runOnlyForDeploymentPostprocessing = 0;
		};
		CA62B683214203B3008C8DED /* Resources */ = {
			isa = PBXResourcesBuildPhase;
			buildActionMask = 2147483647;
			files = (
				CA013B9121472D3300336F96 /* settings.json in Resources */,
				CA013B9221472D3300336F96 /* loading.json in Resources */,
				CA62B690214203B6008C8DED /* Assets.xcassets in Resources */,
				CA013B9D2147315700336F96 /* Splash.storyboard in Resources */,
				CA62B68E214203B3008C8DED /* Main.storyboard in Resources */,
			);
			runOnlyForDeploymentPostprocessing = 0;
		};
		CA62B697214203B6008C8DED /* Resources */ = {
			isa = PBXResourcesBuildPhase;
			buildActionMask = 2147483647;
			files = (
			);
			runOnlyForDeploymentPostprocessing = 0;
		};
/* End PBXResourcesBuildPhase section */

/* Begin PBXShellScriptBuildPhase section */
		069A3067000865D9AAF74FC2 /* [CP] Check Pods Manifest.lock */ = {
			isa = PBXShellScriptBuildPhase;
			buildActionMask = 2147483647;
			files = (
			);
			inputPaths = (
				"${PODS_PODFILE_DIR_PATH}/Podfile.lock",
				"${PODS_ROOT}/Manifest.lock",
			);
			name = "[CP] Check Pods Manifest.lock";
			outputPaths = (
				"$(DERIVED_FILE_DIR)/Pods-TomatoroTests-checkManifestLockResult.txt",
			);
			runOnlyForDeploymentPostprocessing = 0;
			shellPath = /bin/sh;
			shellScript = "diff \"${PODS_PODFILE_DIR_PATH}/Podfile.lock\" \"${PODS_ROOT}/Manifest.lock\" > /dev/null\nif [ $? != 0 ] ; then\n    # print error to STDERR\n    echo \"error: The sandbox is not in sync with the Podfile.lock. Run 'pod install' or update your CocoaPods installation.\" >&2\n    exit 1\nfi\n# This output is used by Xcode 'outputs' to avoid re-running this script phase.\necho \"SUCCESS\" > \"${SCRIPT_OUTPUT_FILE_0}\"\n";
			showEnvVarsInLog = 0;
		};
		423E85E0EF4E53B290E4160D /* [CP] Check Pods Manifest.lock */ = {
			isa = PBXShellScriptBuildPhase;
			buildActionMask = 2147483647;
			files = (
			);
			inputPaths = (
				"${PODS_PODFILE_DIR_PATH}/Podfile.lock",
				"${PODS_ROOT}/Manifest.lock",
			);
			name = "[CP] Check Pods Manifest.lock";
			outputPaths = (
				"$(DERIVED_FILE_DIR)/Pods-Tomatoro-checkManifestLockResult.txt",
			);
			runOnlyForDeploymentPostprocessing = 0;
			shellPath = /bin/sh;
			shellScript = "diff \"${PODS_PODFILE_DIR_PATH}/Podfile.lock\" \"${PODS_ROOT}/Manifest.lock\" > /dev/null\nif [ $? != 0 ] ; then\n    # print error to STDERR\n    echo \"error: The sandbox is not in sync with the Podfile.lock. Run 'pod install' or update your CocoaPods installation.\" >&2\n    exit 1\nfi\n# This output is used by Xcode 'outputs' to avoid re-running this script phase.\necho \"SUCCESS\" > \"${SCRIPT_OUTPUT_FILE_0}\"\n";
			showEnvVarsInLog = 0;
		};
		5CFB32C80DF30C7118D3A0B2 /* [CP] Embed Pods Frameworks */ = {
			isa = PBXShellScriptBuildPhase;
			buildActionMask = 2147483647;
			files = (
			);
			inputPaths = (
				"${SRCROOT}/Pods/Target Support Files/Pods-Tomatoro/Pods-Tomatoro-frameworks.sh",
				"${BUILT_PRODUCTS_DIR}/lottie-ios/Lottie.framework",
			);
			name = "[CP] Embed Pods Frameworks";
			outputPaths = (
				"${TARGET_BUILD_DIR}/${FRAMEWORKS_FOLDER_PATH}/Lottie.framework",
			);
			runOnlyForDeploymentPostprocessing = 0;
			shellPath = /bin/sh;
			shellScript = "\"${SRCROOT}/Pods/Target Support Files/Pods-Tomatoro/Pods-Tomatoro-frameworks.sh\"\n";
			showEnvVarsInLog = 0;
		};
/* End PBXShellScriptBuildPhase section */

/* Begin PBXSourcesBuildPhase section */
		CA095CF5215077D300CD2FF2 /* Sources */ = {
			isa = PBXSourcesBuildPhase;
			buildActionMask = 2147483647;
			files = (
				CA095CFC215077D300CD2FF2 /* TomatoroUITests.swift in Sources */,
				CA095D082150AF9400CD2FF2 /* SnapshotHelper.swift in Sources */,
			);
			runOnlyForDeploymentPostprocessing = 0;
		};
		CA62B681214203B3008C8DED /* Sources */ = {
			isa = PBXSourcesBuildPhase;
			buildActionMask = 2147483647;
			files = (
				CA62B6A9214204B7008C8DED /* TimerViewController.swift in Sources */,
				CAD25D8E215173560053C93E /* ProgressView.swift in Sources */,
				CA62B689214203B3008C8DED /* AppDelegate.swift in Sources */,
				CA62B6AE2142CF3A008C8DED /* Pomodoro.swift in Sources */,
			);
			runOnlyForDeploymentPostprocessing = 0;
		};
		CA62B695214203B6008C8DED /* Sources */ = {
			isa = PBXSourcesBuildPhase;
			buildActionMask = 2147483647;
			files = (
				CA62B69E214203B6008C8DED /* TomatoroTests.swift in Sources */,
			);
			runOnlyForDeploymentPostprocessing = 0;
		};
/* End PBXSourcesBuildPhase section */

/* Begin PBXTargetDependency section */
		CA095CFF215077D300CD2FF2 /* PBXTargetDependency */ = {
			isa = PBXTargetDependency;
			target = CA62B684214203B3008C8DED /* Tomatoro */;
			targetProxy = CA095CFE215077D300CD2FF2 /* PBXContainerItemProxy */;
		};
		CA62B69B214203B6008C8DED /* PBXTargetDependency */ = {
			isa = PBXTargetDependency;
			target = CA62B684214203B3008C8DED /* Tomatoro */;
			targetProxy = CA62B69A214203B6008C8DED /* PBXContainerItemProxy */;
		};
/* End PBXTargetDependency section */

/* Begin PBXVariantGroup section */
		CA62B68C214203B3008C8DED /* Main.storyboard */ = {
			isa = PBXVariantGroup;
			children = (
				CA62B68D214203B3008C8DED /* Base */,
			);
			name = Main.storyboard;
			sourceTree = "<group>";
		};
/* End PBXVariantGroup section */

/* Begin XCBuildConfiguration section */
		CA095D00215077D300CD2FF2 /* Debug */ = {
			isa = XCBuildConfiguration;
			buildSettings = {
				CODE_SIGN_STYLE = Automatic;
				INFOPLIST_FILE = TomatoroUITests/Info.plist;
				LD_RUNPATH_SEARCH_PATHS = (
					"$(inherited)",
					"@executable_path/Frameworks",
					"@loader_path/Frameworks",
				);
				PRODUCT_BUNDLE_IDENTIFIER = io.vphong.TomatoroUITests;
				PRODUCT_NAME = "$(TARGET_NAME)";
				SWIFT_VERSION = 4.0;
				TARGETED_DEVICE_FAMILY = "1,2";
				TEST_TARGET_NAME = Tomatoro;
			};
			name = Debug;
		};
		CA095D01215077D300CD2FF2 /* Release */ = {
			isa = XCBuildConfiguration;
			buildSettings = {
				CODE_SIGN_STYLE = Automatic;
				INFOPLIST_FILE = TomatoroUITests/Info.plist;
				LD_RUNPATH_SEARCH_PATHS = (
					"$(inherited)",
					"@executable_path/Frameworks",
					"@loader_path/Frameworks",
				);
				PRODUCT_BUNDLE_IDENTIFIER = io.vphong.TomatoroUITests;
				PRODUCT_NAME = "$(TARGET_NAME)";
				SWIFT_VERSION = 4.0;
				TARGETED_DEVICE_FAMILY = "1,2";
				TEST_TARGET_NAME = Tomatoro;
			};
			name = Release;
		};
		CA62B6A0214203B6008C8DED /* Debug */ = {
			isa = XCBuildConfiguration;
			buildSettings = {
				ALWAYS_SEARCH_USER_PATHS = NO;
				CLANG_ANALYZER_NONNULL = YES;
				CLANG_ANALYZER_NUMBER_OBJECT_CONVERSION = YES_AGGRESSIVE;
				CLANG_CXX_LANGUAGE_STANDARD = "gnu++14";
				CLANG_CXX_LIBRARY = "libc++";
				CLANG_ENABLE_MODULES = YES;
				CLANG_ENABLE_OBJC_ARC = YES;
				CLANG_ENABLE_OBJC_WEAK = YES;
				CLANG_WARN_BLOCK_CAPTURE_AUTORELEASING = YES;
				CLANG_WARN_BOOL_CONVERSION = YES;
				CLANG_WARN_COMMA = YES;
				CLANG_WARN_CONSTANT_CONVERSION = YES;
				CLANG_WARN_DEPRECATED_OBJC_IMPLEMENTATIONS = YES;
				CLANG_WARN_DIRECT_OBJC_ISA_USAGE = YES_ERROR;
				CLANG_WARN_DOCUMENTATION_COMMENTS = YES;
				CLANG_WARN_EMPTY_BODY = YES;
				CLANG_WARN_ENUM_CONVERSION = YES;
				CLANG_WARN_INFINITE_RECURSION = YES;
				CLANG_WARN_INT_CONVERSION = YES;
				CLANG_WARN_NON_LITERAL_NULL_CONVERSION = YES;
				CLANG_WARN_OBJC_IMPLICIT_RETAIN_SELF = YES;
				CLANG_WARN_OBJC_LITERAL_CONVERSION = YES;
				CLANG_WARN_OBJC_ROOT_CLASS = YES_ERROR;
				CLANG_WARN_RANGE_LOOP_ANALYSIS = YES;
				CLANG_WARN_STRICT_PROTOTYPES = YES;
				CLANG_WARN_SUSPICIOUS_MOVE = YES;
				CLANG_WARN_UNGUARDED_AVAILABILITY = YES_AGGRESSIVE;
				CLANG_WARN_UNREACHABLE_CODE = YES;
				CLANG_WARN__DUPLICATE_METHOD_MATCH = YES;
				CODE_SIGN_IDENTITY = "iPhone Developer";
				COPY_PHASE_STRIP = NO;
				CURRENT_PROJECT_VERSION = 1;
				DEBUG_INFORMATION_FORMAT = dwarf;
				ENABLE_STRICT_OBJC_MSGSEND = YES;
				ENABLE_TESTABILITY = YES;
				GCC_C_LANGUAGE_STANDARD = gnu11;
				GCC_DYNAMIC_NO_PIC = NO;
				GCC_NO_COMMON_BLOCKS = YES;
				GCC_OPTIMIZATION_LEVEL = 0;
				GCC_PREPROCESSOR_DEFINITIONS = (
					"DEBUG=1",
					"$(inherited)",
				);
				GCC_WARN_64_TO_32_BIT_CONVERSION = YES;
				GCC_WARN_ABOUT_RETURN_TYPE = YES_ERROR;
				GCC_WARN_UNDECLARED_SELECTOR = YES;
				GCC_WARN_UNINITIALIZED_AUTOS = YES_AGGRESSIVE;
				GCC_WARN_UNUSED_FUNCTION = YES;
				GCC_WARN_UNUSED_VARIABLE = YES;
				IPHONEOS_DEPLOYMENT_TARGET = 11.4;
				MTL_ENABLE_DEBUG_INFO = YES;
				ONLY_ACTIVE_ARCH = YES;
				SDKROOT = iphoneos;
				SWIFT_ACTIVE_COMPILATION_CONDITIONS = DEBUG;
				SWIFT_OPTIMIZATION_LEVEL = "-Onone";
				VERSIONING_SYSTEM = "apple-generic";
			};
			name = Debug;
		};
		CA62B6A1214203B6008C8DED /* Release */ = {
			isa = XCBuildConfiguration;
			buildSettings = {
				ALWAYS_SEARCH_USER_PATHS = NO;
				CLANG_ANALYZER_NONNULL = YES;
				CLANG_ANALYZER_NUMBER_OBJECT_CONVERSION = YES_AGGRESSIVE;
				CLANG_CXX_LANGUAGE_STANDARD = "gnu++14";
				CLANG_CXX_LIBRARY = "libc++";
				CLANG_ENABLE_MODULES = YES;
				CLANG_ENABLE_OBJC_ARC = YES;
				CLANG_ENABLE_OBJC_WEAK = YES;
				CLANG_WARN_BLOCK_CAPTURE_AUTORELEASING = YES;
				CLANG_WARN_BOOL_CONVERSION = YES;
				CLANG_WARN_COMMA = YES;
				CLANG_WARN_CONSTANT_CONVERSION = YES;
				CLANG_WARN_DEPRECATED_OBJC_IMPLEMENTATIONS = YES;
				CLANG_WARN_DIRECT_OBJC_ISA_USAGE = YES_ERROR;
				CLANG_WARN_DOCUMENTATION_COMMENTS = YES;
				CLANG_WARN_EMPTY_BODY = YES;
				CLANG_WARN_ENUM_CONVERSION = YES;
				CLANG_WARN_INFINITE_RECURSION = YES;
				CLANG_WARN_INT_CONVERSION = YES;
				CLANG_WARN_NON_LITERAL_NULL_CONVERSION = YES;
				CLANG_WARN_OBJC_IMPLICIT_RETAIN_SELF = YES;
				CLANG_WARN_OBJC_LITERAL_CONVERSION = YES;
				CLANG_WARN_OBJC_ROOT_CLASS = YES_ERROR;
				CLANG_WARN_RANGE_LOOP_ANALYSIS = YES;
				CLANG_WARN_STRICT_PROTOTYPES = YES;
				CLANG_WARN_SUSPICIOUS_MOVE = YES;
				CLANG_WARN_UNGUARDED_AVAILABILITY = YES_AGGRESSIVE;
				CLANG_WARN_UNREACHABLE_CODE = YES;
				CLANG_WARN__DUPLICATE_METHOD_MATCH = YES;
				CODE_SIGN_IDENTITY = "iPhone Developer";
				COPY_PHASE_STRIP = NO;
				CURRENT_PROJECT_VERSION = 1;
				DEBUG_INFORMATION_FORMAT = "dwarf-with-dsym";
				ENABLE_NS_ASSERTIONS = NO;
				ENABLE_STRICT_OBJC_MSGSEND = YES;
				GCC_C_LANGUAGE_STANDARD = gnu11;
				GCC_NO_COMMON_BLOCKS = YES;
				GCC_WARN_64_TO_32_BIT_CONVERSION = YES;
				GCC_WARN_ABOUT_RETURN_TYPE = YES_ERROR;
				GCC_WARN_UNDECLARED_SELECTOR = YES;
				GCC_WARN_UNINITIALIZED_AUTOS = YES_AGGRESSIVE;
				GCC_WARN_UNUSED_FUNCTION = YES;
				GCC_WARN_UNUSED_VARIABLE = YES;
				IPHONEOS_DEPLOYMENT_TARGET = 11.4;
				MTL_ENABLE_DEBUG_INFO = NO;
				SDKROOT = iphoneos;
				SWIFT_COMPILATION_MODE = wholemodule;
				SWIFT_OPTIMIZATION_LEVEL = "-O";
				VALIDATE_PRODUCT = YES;
				VERSIONING_SYSTEM = "apple-generic";
			};
			name = Release;
		};
		CA62B6A3214203B6008C8DED /* Debug */ = {
			isa = XCBuildConfiguration;
			baseConfigurationReference = 594020017A5C36DB4BAD25FD /* Pods-Tomatoro.debug.xcconfig */;
			buildSettings = {
				ASSETCATALOG_COMPILER_APPICON_NAME = AppIcon;
				CODE_SIGN_STYLE = Automatic;
				INFOPLIST_FILE = Tomatoro/Info.plist;
				LD_RUNPATH_SEARCH_PATHS = (
					"$(inherited)",
					"@executable_path/Frameworks",
				);
				PRODUCT_BUNDLE_IDENTIFIER = io.vphong.Tomatoro;
				PRODUCT_NAME = "$(TARGET_NAME)";
				SWIFT_VERSION = 4.0;
				TARGETED_DEVICE_FAMILY = "1,2";
			};
			name = Debug;
		};
		CA62B6A4214203B6008C8DED /* Release */ = {
			isa = XCBuildConfiguration;
			baseConfigurationReference = 91367F8D271AC6F1BD173491 /* Pods-Tomatoro.release.xcconfig */;
			buildSettings = {
				ASSETCATALOG_COMPILER_APPICON_NAME = AppIcon;
				CODE_SIGN_STYLE = Automatic;
				INFOPLIST_FILE = Tomatoro/Info.plist;
				LD_RUNPATH_SEARCH_PATHS = (
					"$(inherited)",
					"@executable_path/Frameworks",
				);
				PRODUCT_BUNDLE_IDENTIFIER = io.vphong.Tomatoro;
				PRODUCT_NAME = "$(TARGET_NAME)";
				SWIFT_VERSION = 4.0;
				TARGETED_DEVICE_FAMILY = "1,2";
			};
			name = Release;
		};
		CA62B6A6214203B6008C8DED /* Debug */ = {
			isa = XCBuildConfiguration;
			baseConfigurationReference = 269DF7B6B0A5807396101428 /* Pods-TomatoroTests.debug.xcconfig */;
			buildSettings = {
				ALWAYS_EMBED_SWIFT_STANDARD_LIBRARIES = YES;
				BUNDLE_LOADER = "$(TEST_HOST)";
				CODE_SIGN_STYLE = Automatic;
				INFOPLIST_FILE = TomatoroTests/Info.plist;
				LD_RUNPATH_SEARCH_PATHS = (
					"$(inherited)",
					"@executable_path/Frameworks",
					"@loader_path/Frameworks",
				);
				PRODUCT_BUNDLE_IDENTIFIER = io.vphong.TomatoroTests;
				PRODUCT_NAME = "$(TARGET_NAME)";
				SWIFT_VERSION = 4.0;
				TARGETED_DEVICE_FAMILY = "1,2";
				TEST_HOST = "$(BUILT_PRODUCTS_DIR)/Tomatoro.app/Tomatoro";
			};
			name = Debug;
		};
		CA62B6A7214203B6008C8DED /* Release */ = {
			isa = XCBuildConfiguration;
			baseConfigurationReference = 925513D0B5367DC1BF80A245 /* Pods-TomatoroTests.release.xcconfig */;
			buildSettings = {
				ALWAYS_EMBED_SWIFT_STANDARD_LIBRARIES = YES;
				BUNDLE_LOADER = "$(TEST_HOST)";
				CODE_SIGN_STYLE = Automatic;
				INFOPLIST_FILE = TomatoroTests/Info.plist;
				LD_RUNPATH_SEARCH_PATHS = (
					"$(inherited)",
					"@executable_path/Frameworks",
					"@loader_path/Frameworks",
				);
				PRODUCT_BUNDLE_IDENTIFIER = io.vphong.TomatoroTests;
				PRODUCT_NAME = "$(TARGET_NAME)";
				SWIFT_VERSION = 4.0;
				TARGETED_DEVICE_FAMILY = "1,2";
				TEST_HOST = "$(BUILT_PRODUCTS_DIR)/Tomatoro.app/Tomatoro";
			};
			name = Release;
		};
/* End XCBuildConfiguration section */

/* Begin XCConfigurationList section */
		CA095D02215077D400CD2FF2 /* Build configuration list for PBXNativeTarget "TomatoroUITests" */ = {
			isa = XCConfigurationList;
			buildConfigurations = (
				CA095D00215077D300CD2FF2 /* Debug */,
				CA095D01215077D300CD2FF2 /* Release */,
			);
			defaultConfigurationIsVisible = 0;
			defaultConfigurationName = Release;
		};
		CA62B680214203B3008C8DED /* Build configuration list for PBXProject "Tomatoro" */ = {
			isa = XCConfigurationList;
			buildConfigurations = (
				CA62B6A0214203B6008C8DED /* Debug */,
				CA62B6A1214203B6008C8DED /* Release */,
			);
			defaultConfigurationIsVisible = 0;
			defaultConfigurationName = Release;
		};
		CA62B6A2214203B6008C8DED /* Build configuration list for PBXNativeTarget "Tomatoro" */ = {
			isa = XCConfigurationList;
			buildConfigurations = (
				CA62B6A3214203B6008C8DED /* Debug */,
				CA62B6A4214203B6008C8DED /* Release */,
			);
			defaultConfigurationIsVisible = 0;
			defaultConfigurationName = Release;
		};
		CA62B6A5214203B6008C8DED /* Build configuration list for PBXNativeTarget "TomatoroTests" */ = {
			isa = XCConfigurationList;
			buildConfigurations = (
				CA62B6A6214203B6008C8DED /* Debug */,
				CA62B6A7214203B6008C8DED /* Release */,
			);
			defaultConfigurationIsVisible = 0;
			defaultConfigurationName = Release;
		};
/* End XCConfigurationList section */
	};
	rootObject = CA62B67D214203B3008C8DED /* Project object */;
}
